
Microsoft Visual Studio Solution File, Format Version 12.00
# Visual Studio Version 17
VisualStudioVersion = 17.0.31903.59
MinimumVisualStudioVersion = 10.0.40219.1
Project("{2150E333-8FDC-42A3-9474-1A3956D46DE8}") = "src", "src", "{827E0CD3-B72D-47B6-A68D-7590B98EB39B}"
EndProject
Project("{FAE04EC0-301F-11D3-BF4B-00C04F79EFBC}") = "Topout.Domain", "src\Topout.Domain\Topout.Domain.csproj", "{FD5C34DD-70BB-4071-B0B8-5142B47324FE}"
EndProject
Project("{FAE04EC0-301F-11D3-BF4B-00C04F79EFBC}") = "Topout.Application", "src\Topout.Application\Topout.Application.csproj", "{D8156442-686F-4269-A6F1-0CD4A9BBDE1F}"
EndProject
Project("{FAE04EC0-301F-11D3-BF4B-00C04F79EFBC}") = "Topout.Infrastructure", "src\Topout.Infrastructure\Topout.Infrastructure.csproj", "{819D8623-913D-4B03-918E-D26494208AC9}"
EndProject
Project("{FAE04EC0-301F-11D3-BF4B-00C04F79EFBC}") = "Topout.Api", "src\Topout.Api\Topout.Api.csproj", "{6981E8C5-E5F3-47AB-802E-AF144AE00FC2}"
EndProject
Project("{2150E333-8FDC-42A3-9474-1A3956D46DE8}") = "tests", "tests", "{0AB3BF05-4346-4AA6-1389-037BE0695223}"
EndProject
Project("{FAE04EC0-301F-11D3-BF4B-00C04F79EFBC}") = "Topout.UnitTests", "tests\Topout.UnitTests\Topout.UnitTests.csproj", "{F63FA980-CECA-4A6E-AB85-337A95B36F5A}"
EndProject
Project("{FAE04EC0-301F-11D3-BF4B-00C04F79EFBC}") = "Topout.IntegrationTests", "tests\Topout.IntegrationTests\Topout.IntegrationTests.csproj", "{7E730C23-572D-480B-A2B3-84F2412056FB}"
EndProject
Global
	GlobalSection(SolutionConfigurationPlatforms) = preSolution
		Debug|Any CPU = Debug|Any CPU
		Debug|x64 = Debug|x64
		Debug|x86 = Debug|x86
		Release|Any CPU = Release|Any CPU
		Release|x64 = Release|x64
		Release|x86 = Release|x86
	EndGlobalSection
	GlobalSection(ProjectConfigurationPlatforms) = postSolution
		{FD5C34DD-70BB-4071-B0B8-5142B47324FE}.Debug|Any CPU.ActiveCfg = Debug|Any CPU
		{FD5C34DD-70BB-4071-B0B8-5142B47324FE}.Debug|Any CPU.Build.0 = Debug|Any CPU
		{FD5C34DD-70BB-4071-B0B8-5142B47324FE}.Debug|x64.ActiveCfg = Debug|Any CPU
		{FD5C34DD-70BB-4071-B0B8-5142B47324FE}.Debug|x64.Build.0 = Debug|Any CPU
		{FD5C34DD-70BB-4071-B0B8-5142B47324FE}.Debug|x86.ActiveCfg = Debug|Any CPU
		{FD5C34DD-70BB-4071-B0B8-5142B47324FE}.Debug|x86.Build.0 = Debug|Any CPU
		{FD5C34DD-70BB-4071-B0B8-5142B47324FE}.Release|Any CPU.ActiveCfg = Release|Any CPU
		{FD5C34DD-70BB-4071-B0B8-5142B47324FE}.Release|Any CPU.Build.0 = Release|Any CPU
		{FD5C34DD-70BB-4071-B0B8-5142B47324FE}.Release|x64.ActiveCfg = Release|Any CPU
		{FD5C34DD-70BB-4071-B0B8-5142B47324FE}.Release|x64.Build.0 = Release|Any CPU
		{FD5C34DD-70BB-4071-B0B8-5142B47324FE}.Release|x86.ActiveCfg = Release|Any CPU
		{FD5C34DD-70BB-4071-B0B8-5142B47324FE}.Release|x86.Build.0 = Release|Any CPU
		{D8156442-686F-4269-A6F1-0CD4A9BBDE1F}.Debug|Any CPU.ActiveCfg = Debug|Any CPU
		{D8156442-686F-4269-A6F1-0CD4A9BBDE1F}.Debug|Any CPU.Build.0 = Debug|Any CPU
		{D8156442-686F-4269-A6F1-0CD4A9BBDE1F}.Debug|x64.ActiveCfg = Debug|Any CPU
		{D8156442-686F-4269-A6F1-0CD4A9BBDE1F}.Debug|x64.Build.0 = Debug|Any CPU
		{D8156442-686F-4269-A6F1-0CD4A9BBDE1F}.Debug|x86.ActiveCfg = Debug|Any CPU
		{D8156442-686F-4269-A6F1-0CD4A9BBDE1F}.Debug|x86.Build.0 = Debug|Any CPU
		{D8156442-686F-4269-A6F1-0CD4A9BBDE1F}.Release|Any CPU.ActiveCfg = Release|Any CPU
		{D8156442-686F-4269-A6F1-0CD4A9BBDE1F}.Release|Any CPU.Build.0 = Release|Any CPU
		{D8156442-686F-4269-A6F1-0CD4A9BBDE1F}.Release|x64.ActiveCfg = Release|Any CPU
		{D8156442-686F-4269-A6F1-0CD4A9BBDE1F}.Release|x64.Build.0 = Release|Any CPU
		{D8156442-686F-4269-A6F1-0CD4A9BBDE1F}.Release|x86.ActiveCfg = Release|Any CPU
		{D8156442-686F-4269-A6F1-0CD4A9BBDE1F}.Release|x86.Build.0 = Release|Any CPU
		{819D8623-913D-4B03-918E-D26494208AC9}.Debug|Any CPU.ActiveCfg = Debug|Any CPU
		{819D8623-913D-4B03-918E-D26494208AC9}.Debug|Any CPU.Build.0 = Debug|Any CPU
		{819D8623-913D-4B03-918E-D26494208AC9}.Debug|x64.ActiveCfg = Debug|Any CPU
		{819D8623-913D-4B03-918E-D26494208AC9}.Debug|x64.Build.0 = Debug|Any CPU
		{819D8623-913D-4B03-918E-D26494208AC9}.Debug|x86.ActiveCfg = Debug|Any CPU
		{819D8623-913D-4B03-918E-D26494208AC9}.Debug|x86.Build.0 = Debug|Any CPU
		{819D8623-913D-4B03-918E-D26494208AC9}.Release|Any CPU.ActiveCfg = Release|Any CPU
		{819D8623-913D-4B03-918E-D26494208AC9}.Release|Any CPU.Build.0 = Release|Any CPU
		{819D8623-913D-4B03-918E-D26494208AC9}.Release|x64.ActiveCfg = Release|Any CPU
		{819D8623-913D-4B03-918E-D26494208AC9}.Release|x64.Build.0 = Release|Any CPU
		{819D8623-913D-4B03-918E-D26494208AC9}.Release|x86.ActiveCfg = Release|Any CPU
		{819D8623-913D-4B03-918E-D26494208AC9}.Release|x86.Build.0 = Release|Any CPU
		{6981E8C5-E5F3-47AB-802E-AF144AE00FC2}.Debug|Any CPU.ActiveCfg = Debug|Any CPU
		{6981E8C5-E5F3-47AB-802E-AF144AE00FC2}.Debug|Any CPU.Build.0 = Debug|Any CPU
		{6981E8C5-E5F3-47AB-802E-AF144AE00FC2}.Debug|x64.ActiveCfg = Debug|Any CPU
		{6981E8C5-E5F3-47AB-802E-AF144AE00FC2}.Debug|x64.Build.0 = Debug|Any CPU
		{6981E8C5-E5F3-47AB-802E-AF144AE00FC2}.Debug|x86.ActiveCfg = Debug|Any CPU
		{6981E8C5-E5F3-47AB-802E-AF144AE00FC2}.Debug|x86.Build.0 = Debug|Any CPU
		{6981E8C5-E5F3-47AB-802E-AF144AE00FC2}.Release|Any CPU.ActiveCfg = Release|Any CPU
		{6981E8C5-E5F3-47AB-802E-AF144AE00FC2}.Release|Any CPU.Build.0 = Release|Any CPU
		{6981E8C5-E5F3-47AB-802E-AF144AE00FC2}.Release|x64.ActiveCfg = Release|Any CPU
		{6981E8C5-E5F3-47AB-802E-AF144AE00FC2}.Release|x64.Build.0 = Release|Any CPU
		{6981E8C5-E5F3-47AB-802E-AF144AE00FC2}.Release|x86.ActiveCfg = Release|Any CPU
		{6981E8C5-E5F3-47AB-802E-AF144AE00FC2}.Release|x86.Build.0 = Release|Any CPU
		{F63FA980-CECA-4A6E-AB85-337A95B36F5A}.Debug|Any CPU.ActiveCfg = Debug|Any CPU
		{F63FA980-CECA-4A6E-AB85-337A95B36F5A}.Debug|Any CPU.Build.0 = Debug|Any CPU
		{F63FA980-CECA-4A6E-AB85-337A95B36F5A}.Debug|x64.ActiveCfg = Debug|Any CPU
		{F63FA980-CECA-4A6E-AB85-337A95B36F5A}.Debug|x64.Build.0 = Debug|Any CPU
		{F63FA980-CECA-4A6E-AB85-337A95B36F5A}.Debug|x86.ActiveCfg = Debug|Any CPU
		{F63FA980-CECA-4A6E-AB85-337A95B36F5A}.Debug|x86.Build.0 = Debug|Any CPU
		{F63FA980-CECA-4A6E-AB85-337A95B36F5A}.Release|Any CPU.ActiveCfg = Release|Any CPU
		{F63FA980-CECA-4A6E-AB85-337A95B36F5A}.Release|Any CPU.Build.0 = Release|Any CPU
		{F63FA980-CECA-4A6E-AB85-337A95B36F5A}.Release|x64.ActiveCfg = Release|Any CPU
		{F63FA980-CECA-4A6E-AB85-337A95B36F5A}.Release|x64.Build.0 = Release|Any CPU
		{F63FA980-CECA-4A6E-AB85-337A95B36F5A}.Release|x86.ActiveCfg = Release|Any CPU
		{F63FA980-CECA-4A6E-AB85-337A95B36F5A}.Release|x86.Build.0 = Release|Any CPU
		{7E730C23-572D-480B-A2B3-84F2412056FB}.Debug|Any CPU.ActiveCfg = Debug|Any CPU
		{7E730C23-572D-480B-A2B3-84F2412056FB}.Debug|Any CPU.Build.0 = Debug|Any CPU
		{7E730C23-572D-480B-A2B3-84F2412056FB}.Debug|x64.ActiveCfg = Debug|Any CPU
		{7E730C23-572D-480B-A2B3-84F2412056FB}.Debug|x64.Build.0 = Debug|Any CPU
		{7E730C23-572D-480B-A2B3-84F2412056FB}.Debug|x86.ActiveCfg = Debug|Any CPU
		{7E730C23-572D-480B-A2B3-84F2412056FB}.Debug|x86.Build.0 = Debug|Any CPU
		{7E730C23-572D-480B-A2B3-84F2412056FB}.Release|Any CPU.ActiveCfg = Release|Any CPU
		{7E730C23-572D-480B-A2B3-84F2412056FB}.Release|Any CPU.Build.0 = Release|Any CPU
		{7E730C23-572D-480B-A2B3-84F2412056FB}.Release|x64.ActiveCfg = Release|Any CPU
		{7E730C23-572D-480B-A2B3-84F2412056FB}.Release|x64.Build.0 = Release|Any CPU
		{7E730C23-572D-480B-A2B3-84F2412056FB}.Release|x86.ActiveCfg = Release|Any CPU
		{7E730C23-572D-480B-A2B3-84F2412056FB}.Release|x86.Build.0 = Release|Any CPU
	EndGlobalSection
	GlobalSection(SolutionProperties) = preSolution
		HideSolutionNode = FALSE
	EndGlobalSection
	GlobalSection(NestedProjects) = preSolution
		{FD5C34DD-70BB-4071-B0B8-5142B47324FE} = {827E0CD3-B72D-47B6-A68D-7590B98EB39B}
		{D8156442-686F-4269-A6F1-0CD4A9BBDE1F} = {827E0CD3-B72D-47B6-A68D-7590B98EB39B}
		{819D8623-913D-4B03-918E-D26494208AC9} = {827E0CD3-B72D-47B6-A68D-7590B98EB39B}
		{6981E8C5-E5F3-47AB-802E-AF144AE00FC2} = {827E0CD3-B72D-47B6-A68D-7590B98EB39B}
		{F63FA980-CECA-4A6E-AB85-337A95B36F5A} = {0AB3BF05-4346-4AA6-1389-037BE0695223}
		{7E730C23-572D-480B-A2B3-84F2412056FB} = {0AB3BF05-4346-4AA6-1389-037BE0695223}
	EndGlobalSection
EndGlobal
